// !$*UTF8*$!
{
	archiveVersion = 1;
	classes = {
	};
	objectVersion = 56;
	objects = {

/* Begin PBXBuildFile section */
		0DAFA23AC92B1658DB46AEBA /* Pods_FindHospital.framework in Frameworks */ = {isa = PBXBuildFile; fileRef = C221BB9F7FB6F3A6B5CFFB96 /* Pods_FindHospital.framework */; };
		8E2DEB442A3AE22D00D4A32C /* map_pinup_custom@3x.png in Resources */ = {isa = PBXBuildFile; fileRef = 8E2DEB1F2A3AE22D00D4A32C /* map_pinup_custom@3x.png */; };
		8E2DEB452A3AE22D00D4A32C /* map_pin_custom.png in Resources */ = {isa = PBXBuildFile; fileRef = 8E2DEB202A3AE22D00D4A32C /* map_pin_custom.png */; };
		8E2DEB462A3AE22D00D4A32C /* shadow_balloon.png in Resources */ = {isa = PBXBuildFile; fileRef = 8E2DEB212A3AE22D00D4A32C /* shadow_balloon.png */; };
		8E2DEB472A3AE22D00D4A32C /* map_pinup.png in Resources */ = {isa = PBXBuildFile; fileRef = 8E2DEB222A3AE22D00D4A32C /* map_pinup.png */; };
		8E2DEB482A3AE22D00D4A32C /* detail_button.png in Resources */ = {isa = PBXBuildFile; fileRef = 8E2DEB232A3AE22D00D4A32C /* detail_button.png */; };
		8E2DEB492A3AE22D00D4A32C /* map_pin_custom@3x.png in Resources */ = {isa = PBXBuildFile; fileRef = 8E2DEB242A3AE22D00D4A32C /* map_pin_custom@3x.png */; };
		8E2DEB4A2A3AE22D00D4A32C /* map_pinup@3x.png in Resources */ = {isa = PBXBuildFile; fileRef = 8E2DEB252A3AE22D00D4A32C /* map_pinup@3x.png */; };
		8E2DEB4B2A3AE22D00D4A32C /* map_pin_shadow@3x.png in Resources */ = {isa = PBXBuildFile; fileRef = 8E2DEB262A3AE22D00D4A32C /* map_pin_shadow@3x.png */; };
		8E2DEB4C2A3AE22D00D4A32C /* copyright.png in Resources */ = {isa = PBXBuildFile; fileRef = 8E2DEB272A3AE22D00D4A32C /* copyright.png */; };
		8E2DEB4D2A3AE22D00D4A32C /* th_line.png in Resources */ = {isa = PBXBuildFile; fileRef = 8E2DEB282A3AE22D00D4A32C /* th_line.png */; };
		8E2DEB4E2A3AE22D00D4A32C /* map_pin_red@3x.png in Resources */ = {isa = PBXBuildFile; fileRef = 8E2DEB292A3AE22D00D4A32C /* map_pin_red@3x.png */; };
		8E2DEB4F2A3AE22D00D4A32C /* daum_copyright.png in Resources */ = {isa = PBXBuildFile; fileRef = 8E2DEB2A2A3AE22D00D4A32C /* daum_copyright.png */; };
		8E2DEB502A3AE22D00D4A32C /* map_pin@3x.png in Resources */ = {isa = PBXBuildFile; fileRef = 8E2DEB2B2A3AE22D00D4A32C /* map_pin@3x.png */; };
		8E2DEB512A3AE22D00D4A32C /* map_present_tracking.png in Resources */ = {isa = PBXBuildFile; fileRef = 8E2DEB2C2A3AE22D00D4A32C /* map_present_tracking.png */; };
		8E2DEB522A3AE22D00D4A32C /* map_pin_red.png in Resources */ = {isa = PBXBuildFile; fileRef = 8E2DEB2D2A3AE22D00D4A32C /* map_pin_red.png */; };
		8E2DEB532A3AE22D00D4A32C /* info_box.png in Resources */ = {isa = PBXBuildFile; fileRef = 8E2DEB372A3AE22D00D4A32C /* info_box.png */; };
		8E2DEB542A3AE22D00D4A32C /* point_sprite.png in Resources */ = {isa = PBXBuildFile; fileRef = 8E2DEB382A3AE22D00D4A32C /* point_sprite.png */; };
		8E2DEB552A3AE22D00D4A32C /* map_pinup_custom.png in Resources */ = {isa = PBXBuildFile; fileRef = 8E2DEB392A3AE22D00D4A32C /* map_pinup_custom.png */; };
		8E2DEB562A3AE22D00D4A32C /* info_box_tail.png in Resources */ = {isa = PBXBuildFile; fileRef = 8E2DEB3A2A3AE22D00D4A32C /* info_box_tail.png */; };
		8E2DEB572A3AE22D00D4A32C /* noimage256.png in Resources */ = {isa = PBXBuildFile; fileRef = 8E2DEB3B2A3AE22D00D4A32C /* noimage256.png */; };
		8E2DEB582A3AE22D00D4A32C /* map_present_direction.png in Resources */ = {isa = PBXBuildFile; fileRef = 8E2DEB3C2A3AE22D00D4A32C /* map_present_direction.png */; };
		8E2DEB592A3AE22D00D4A32C /* map_pin.png in Resources */ = {isa = PBXBuildFile; fileRef = 8E2DEB3D2A3AE22D00D4A32C /* map_pin.png */; };
		8E2DEB5A2A3AE22D00D4A32C /* map_present.png in Resources */ = {isa = PBXBuildFile; fileRef = 8E2DEB3E2A3AE22D00D4A32C /* map_present.png */; };
		8E2DEB5B2A3AE22D00D4A32C /* noimage.png in Resources */ = {isa = PBXBuildFile; fileRef = 8E2DEB3F2A3AE22D00D4A32C /* noimage.png */; };
		8E2DEB5C2A3AE22D00D4A32C /* map_present_background_update.png in Resources */ = {isa = PBXBuildFile; fileRef = 8E2DEB402A3AE22D00D4A32C /* map_present_background_update.png */; };
		8E2DEB5D2A3AE22D00D4A32C /* daum_th_line.png in Resources */ = {isa = PBXBuildFile; fileRef = 8E2DEB412A3AE22D00D4A32C /* daum_th_line.png */; };
		8E2DEB5E2A3AE22D00D4A32C /* map_pin_shadow.png in Resources */ = {isa = PBXBuildFile; fileRef = 8E2DEB422A3AE22D00D4A32C /* map_pin_shadow.png */; };
		8E2DEB5F2A3AE22D00D4A32C /* DaumMap.framework in Frameworks */ = {isa = PBXBuildFile; fileRef = 8E2DEB432A3AE22D00D4A32C /* DaumMap.framework */; };
		8E2DEB612A3AE27200D4A32C /* OpenGLES.framework in Frameworks */ = {isa = PBXBuildFile; fileRef = 8E2DEB602A3AE27200D4A32C /* OpenGLES.framework */; };
		8E2DEB632A3AE28B00D4A32C /* SystemConfiguration.framework in Frameworks */ = {isa = PBXBuildFile; fileRef = 8E2DEB622A3AE28B00D4A32C /* SystemConfiguration.framework */; };
		8E2DEB652A3AE29400D4A32C /* CoreLocation.framework in Frameworks */ = {isa = PBXBuildFile; fileRef = 8E2DEB642A3AE29400D4A32C /* CoreLocation.framework */; };
		8E2DEB672A3AE2A100D4A32C /* QuartzCore.framework in Frameworks */ = {isa = PBXBuildFile; fileRef = 8E2DEB662A3AE2A000D4A32C /* QuartzCore.framework */; };
		8E2DEB692A3AE2AE00D4A32C /* libc++.tbd in Frameworks */ = {isa = PBXBuildFile; fileRef = 8E2DEB682A3AE2AE00D4A32C /* libc++.tbd */; };
		8E2DEB6B2A3AE2B800D4A32C /* libxml2.tbd in Frameworks */ = {isa = PBXBuildFile; fileRef = 8E2DEB6A2A3AE2B800D4A32C /* libxml2.tbd */; };
		8E2DEB6D2A3AE2C000D4A32C /* libsqlite3.tbd in Frameworks */ = {isa = PBXBuildFile; fileRef = 8E2DEB6C2A3AE2C000D4A32C /* libsqlite3.tbd */; };
		8E8164972A3781520068E49E /* AppDelegate.swift in Sources */ = {isa = PBXBuildFile; fileRef = 8E8164962A3781520068E49E /* AppDelegate.swift */; };
		8E8164992A3781520068E49E /* SceneDelegate.swift in Sources */ = {isa = PBXBuildFile; fileRef = 8E8164982A3781520068E49E /* SceneDelegate.swift */; };
		8E8164A02A3781540068E49E /* Assets.xcassets in Resources */ = {isa = PBXBuildFile; fileRef = 8E81649F2A3781540068E49E /* Assets.xcassets */; };
		8E8164A32A3781540068E49E /* LaunchScreen.storyboard in Resources */ = {isa = PBXBuildFile; fileRef = 8E8164A12A3781540068E49E /* LaunchScreen.storyboard */; };
		8E8164AB2A3781A20068E49E /* HPInfoViewController.swift in Sources */ = {isa = PBXBuildFile; fileRef = 8E8164AA2A3781A20068E49E /* HPInfoViewController.swift */; };
/* End PBXBuildFile section */

/* Begin PBXFileReference section */
		432D6A3C7566DBA8DD4BC4ED /* Pods-FindHospital.debug.xcconfig */ = {isa = PBXFileReference; includeInIndex = 1; lastKnownFileType = text.xcconfig; name = "Pods-FindHospital.debug.xcconfig"; path = "Target Support Files/Pods-FindHospital/Pods-FindHospital.debug.xcconfig"; sourceTree = "<group>"; };
		658DD4699B2358B2CC5FB035 /* Pods-FindHospital.release.xcconfig */ = {isa = PBXFileReference; includeInIndex = 1; lastKnownFileType = text.xcconfig; name = "Pods-FindHospital.release.xcconfig"; path = "Target Support Files/Pods-FindHospital/Pods-FindHospital.release.xcconfig"; sourceTree = "<group>"; };
		8E2DEB1F2A3AE22D00D4A32C /* map_pinup_custom@3x.png */ = {isa = PBXFileReference; lastKnownFileType = image.png; path = "map_pinup_custom@3x.png"; sourceTree = "<group>"; };
		8E2DEB202A3AE22D00D4A32C /* map_pin_custom.png */ = {isa = PBXFileReference; lastKnownFileType = image.png; path = map_pin_custom.png; sourceTree = "<group>"; };
		8E2DEB212A3AE22D00D4A32C /* shadow_balloon.png */ = {isa = PBXFileReference; lastKnownFileType = image.png; path = shadow_balloon.png; sourceTree = "<group>"; };
		8E2DEB222A3AE22D00D4A32C /* map_pinup.png */ = {isa = PBXFileReference; lastKnownFileType = image.png; path = map_pinup.png; sourceTree = "<group>"; };
		8E2DEB232A3AE22D00D4A32C /* detail_button.png */ = {isa = PBXFileReference; lastKnownFileType = image.png; path = detail_button.png; sourceTree = "<group>"; };
		8E2DEB242A3AE22D00D4A32C /* map_pin_custom@3x.png */ = {isa = PBXFileReference; lastKnownFileType = image.png; path = "map_pin_custom@3x.png"; sourceTree = "<group>"; };
		8E2DEB252A3AE22D00D4A32C /* map_pinup@3x.png */ = {isa = PBXFileReference; lastKnownFileType = image.png; path = "map_pinup@3x.png"; sourceTree = "<group>"; };
		8E2DEB262A3AE22D00D4A32C /* map_pin_shadow@3x.png */ = {isa = PBXFileReference; lastKnownFileType = image.png; path = "map_pin_shadow@3x.png"; sourceTree = "<group>"; };
		8E2DEB272A3AE22D00D4A32C /* copyright.png */ = {isa = PBXFileReference; lastKnownFileType = image.png; path = copyright.png; sourceTree = "<group>"; };
		8E2DEB282A3AE22D00D4A32C /* th_line.png */ = {isa = PBXFileReference; lastKnownFileType = image.png; path = th_line.png; sourceTree = "<group>"; };
		8E2DEB292A3AE22D00D4A32C /* map_pin_red@3x.png */ = {isa = PBXFileReference; lastKnownFileType = image.png; path = "map_pin_red@3x.png"; sourceTree = "<group>"; };
		8E2DEB2A2A3AE22D00D4A32C /* daum_copyright.png */ = {isa = PBXFileReference; lastKnownFileType = image.png; path = daum_copyright.png; sourceTree = "<group>"; };
		8E2DEB2B2A3AE22D00D4A32C /* map_pin@3x.png */ = {isa = PBXFileReference; lastKnownFileType = image.png; path = "map_pin@3x.png"; sourceTree = "<group>"; };
		8E2DEB2C2A3AE22D00D4A32C /* map_present_tracking.png */ = {isa = PBXFileReference; lastKnownFileType = image.png; path = map_present_tracking.png; sourceTree = "<group>"; };
		8E2DEB2D2A3AE22D00D4A32C /* map_pin_red.png */ = {isa = PBXFileReference; lastKnownFileType = image.png; path = map_pin_red.png; sourceTree = "<group>"; };
		8E2DEB2F2A3AE22D00D4A32C /* MTMapPOIItem.h */ = {isa = PBXFileReference; fileEncoding = 4; lastKnownFileType = sourcecode.c.h; path = MTMapPOIItem.h; sourceTree = "<group>"; };
		8E2DEB302A3AE22D00D4A32C /* MTMapCameraUpdate.h */ = {isa = PBXFileReference; fileEncoding = 4; lastKnownFileType = sourcecode.c.h; path = MTMapCameraUpdate.h; sourceTree = "<group>"; };
		8E2DEB312A3AE22D00D4A32C /* MTMapReverseGeoCoder.h */ = {isa = PBXFileReference; fileEncoding = 4; lastKnownFileType = sourcecode.c.h; path = MTMapReverseGeoCoder.h; sourceTree = "<group>"; };
		8E2DEB322A3AE22D00D4A32C /* MTMapPolyline.h */ = {isa = PBXFileReference; fileEncoding = 4; lastKnownFileType = sourcecode.c.h; path = MTMapPolyline.h; sourceTree = "<group>"; };
		8E2DEB332A3AE22D00D4A32C /* MTMapLocationMarkerItem.h */ = {isa = PBXFileReference; fileEncoding = 4; lastKnownFileType = sourcecode.c.h; path = MTMapLocationMarkerItem.h; sourceTree = "<group>"; };
		8E2DEB342A3AE22D00D4A32C /* MTMapView.h */ = {isa = PBXFileReference; fileEncoding = 4; lastKnownFileType = sourcecode.c.h; path = MTMapView.h; sourceTree = "<group>"; };
		8E2DEB352A3AE22D00D4A32C /* MTMapGeometry.h */ = {isa = PBXFileReference; fileEncoding = 4; lastKnownFileType = sourcecode.c.h; path = MTMapGeometry.h; sourceTree = "<group>"; };
		8E2DEB362A3AE22D00D4A32C /* MTMapCircle.h */ = {isa = PBXFileReference; fileEncoding = 4; lastKnownFileType = sourcecode.c.h; path = MTMapCircle.h; sourceTree = "<group>"; };
		8E2DEB372A3AE22D00D4A32C /* info_box.png */ = {isa = PBXFileReference; lastKnownFileType = image.png; path = info_box.png; sourceTree = "<group>"; };
		8E2DEB382A3AE22D00D4A32C /* point_sprite.png */ = {isa = PBXFileReference; lastKnownFileType = image.png; path = point_sprite.png; sourceTree = "<group>"; };
		8E2DEB392A3AE22D00D4A32C /* map_pinup_custom.png */ = {isa = PBXFileReference; lastKnownFileType = image.png; path = map_pinup_custom.png; sourceTree = "<group>"; };
		8E2DEB3A2A3AE22D00D4A32C /* info_box_tail.png */ = {isa = PBXFileReference; lastKnownFileType = image.png; path = info_box_tail.png; sourceTree = "<group>"; };
		8E2DEB3B2A3AE22D00D4A32C /* noimage256.png */ = {isa = PBXFileReference; lastKnownFileType = image.png; path = noimage256.png; sourceTree = "<group>"; };
		8E2DEB3C2A3AE22D00D4A32C /* map_present_direction.png */ = {isa = PBXFileReference; lastKnownFileType = image.png; path = map_present_direction.png; sourceTree = "<group>"; };
		8E2DEB3D2A3AE22D00D4A32C /* map_pin.png */ = {isa = PBXFileReference; lastKnownFileType = image.png; path = map_pin.png; sourceTree = "<group>"; };
		8E2DEB3E2A3AE22D00D4A32C /* map_present.png */ = {isa = PBXFileReference; lastKnownFileType = image.png; path = map_present.png; sourceTree = "<group>"; };
		8E2DEB3F2A3AE22D00D4A32C /* noimage.png */ = {isa = PBXFileReference; lastKnownFileType = image.png; path = noimage.png; sourceTree = "<group>"; };
		8E2DEB402A3AE22D00D4A32C /* map_present_background_update.png */ = {isa = PBXFileReference; lastKnownFileType = image.png; path = map_present_background_update.png; sourceTree = "<group>"; };
		8E2DEB412A3AE22D00D4A32C /* daum_th_line.png */ = {isa = PBXFileReference; lastKnownFileType = image.png; path = daum_th_line.png; sourceTree = "<group>"; };
		8E2DEB422A3AE22D00D4A32C /* map_pin_shadow.png */ = {isa = PBXFileReference; lastKnownFileType = image.png; path = map_pin_shadow.png; sourceTree = "<group>"; };
		8E2DEB432A3AE22D00D4A32C /* DaumMap.framework */ = {isa = PBXFileReference; lastKnownFileType = wrapper.framework; path = DaumMap.framework; sourceTree = "<group>"; };
		8E2DEB602A3AE27200D4A32C /* OpenGLES.framework */ = {isa = PBXFileReference; lastKnownFileType = wrapper.framework; name = OpenGLES.framework; path = System/Library/Frameworks/OpenGLES.framework; sourceTree = SDKROOT; };
		8E2DEB622A3AE28B00D4A32C /* SystemConfiguration.framework */ = {isa = PBXFileReference; lastKnownFileType = wrapper.framework; name = SystemConfiguration.framework; path = System/Library/Frameworks/SystemConfiguration.framework; sourceTree = SDKROOT; };
		8E2DEB642A3AE29400D4A32C /* CoreLocation.framework */ = {isa = PBXFileReference; lastKnownFileType = wrapper.framework; name = CoreLocation.framework; path = System/Library/Frameworks/CoreLocation.framework; sourceTree = SDKROOT; };
		8E2DEB662A3AE2A000D4A32C /* QuartzCore.framework */ = {isa = PBXFileReference; lastKnownFileType = wrapper.framework; name = QuartzCore.framework; path = System/Library/Frameworks/QuartzCore.framework; sourceTree = SDKROOT; };
		8E2DEB682A3AE2AE00D4A32C /* libc++.tbd */ = {isa = PBXFileReference; lastKnownFileType = "sourcecode.text-based-dylib-definition"; name = "libc++.tbd"; path = "usr/lib/libc++.tbd"; sourceTree = SDKROOT; };
		8E2DEB6A2A3AE2B800D4A32C /* libxml2.tbd */ = {isa = PBXFileReference; lastKnownFileType = "sourcecode.text-based-dylib-definition"; name = libxml2.tbd; path = usr/lib/libxml2.tbd; sourceTree = SDKROOT; };
		8E2DEB6C2A3AE2C000D4A32C /* libsqlite3.tbd */ = {isa = PBXFileReference; lastKnownFileType = "sourcecode.text-based-dylib-definition"; name = libsqlite3.tbd; path = usr/lib/libsqlite3.tbd; sourceTree = SDKROOT; };
		8E2DEB6E2A3AE43400D4A32C /* BridgingHeader.h */ = {isa = PBXFileReference; lastKnownFileType = sourcecode.c.h; path = BridgingHeader.h; sourceTree = "<group>"; };
		8E8164932A3781520068E49E /* FindHospital.app */ = {isa = PBXFileReference; explicitFileType = wrapper.application; includeInIndex = 0; path = FindHospital.app; sourceTree = BUILT_PRODUCTS_DIR; };
		8E8164962A3781520068E49E /* AppDelegate.swift */ = {isa = PBXFileReference; lastKnownFileType = sourcecode.swift; path = AppDelegate.swift; sourceTree = "<group>"; };
		8E8164982A3781520068E49E /* SceneDelegate.swift */ = {isa = PBXFileReference; lastKnownFileType = sourcecode.swift; path = SceneDelegate.swift; sourceTree = "<group>"; };
		8E81649F2A3781540068E49E /* Assets.xcassets */ = {isa = PBXFileReference; lastKnownFileType = folder.assetcatalog; path = Assets.xcassets; sourceTree = "<group>"; };
		8E8164A22A3781540068E49E /* Base */ = {isa = PBXFileReference; lastKnownFileType = file.storyboard; name = Base; path = Base.lproj/LaunchScreen.storyboard; sourceTree = "<group>"; };
		8E8164A42A3781540068E49E /* Info.plist */ = {isa = PBXFileReference; lastKnownFileType = text.plist.xml; path = Info.plist; sourceTree = "<group>"; };
		8E8164AA2A3781A20068E49E /* HPInfoViewController.swift */ = {isa = PBXFileReference; lastKnownFileType = sourcecode.swift; path = HPInfoViewController.swift; sourceTree = "<group>"; };
		C221BB9F7FB6F3A6B5CFFB96 /* Pods_FindHospital.framework */ = {isa = PBXFileReference; explicitFileType = wrapper.framework; includeInIndex = 0; path = Pods_FindHospital.framework; sourceTree = BUILT_PRODUCTS_DIR; };
/* End PBXFileReference section */

/* Begin PBXFrameworksBuildPhase section */
		8E8164902A3781520068E49E /* Frameworks */ = {
			isa = PBXFrameworksBuildPhase;
			buildActionMask = 2147483647;
			files = (
				8E2DEB6D2A3AE2C000D4A32C /* libsqlite3.tbd in Frameworks */,
				8E2DEB6B2A3AE2B800D4A32C /* libxml2.tbd in Frameworks */,
				8E2DEB692A3AE2AE00D4A32C /* libc++.tbd in Frameworks */,
				8E2DEB672A3AE2A100D4A32C /* QuartzCore.framework in Frameworks */,
				8E2DEB652A3AE29400D4A32C /* CoreLocation.framework in Frameworks */,
				8E2DEB632A3AE28B00D4A32C /* SystemConfiguration.framework in Frameworks */,
				8E2DEB612A3AE27200D4A32C /* OpenGLES.framework in Frameworks */,
				8E2DEB5F2A3AE22D00D4A32C /* DaumMap.framework in Frameworks */,
				0DAFA23AC92B1658DB46AEBA /* Pods_FindHospital.framework in Frameworks */,
			);
			runOnlyForDeploymentPostprocessing = 0;
		};
/* End PBXFrameworksBuildPhase section */

/* Begin PBXGroup section */
		3CB70D0A5571AAC4E911EE63 /* Frameworks */ = {
			isa = PBXGroup;
			children = (
				8E2DEB6C2A3AE2C000D4A32C /* libsqlite3.tbd */,
				8E2DEB6A2A3AE2B800D4A32C /* libxml2.tbd */,
				8E2DEB682A3AE2AE00D4A32C /* libc++.tbd */,
				8E2DEB662A3AE2A000D4A32C /* QuartzCore.framework */,
				8E2DEB642A3AE29400D4A32C /* CoreLocation.framework */,
				8E2DEB622A3AE28B00D4A32C /* SystemConfiguration.framework */,
				8E2DEB602A3AE27200D4A32C /* OpenGLES.framework */,
				8E2DEB1D2A3AE22D00D4A32C /* DaumMap.embeddedframework */,
				C221BB9F7FB6F3A6B5CFFB96 /* Pods_FindHospital.framework */,
			);
			name = Frameworks;
			sourceTree = "<group>";
		};
		8E2DEB1D2A3AE22D00D4A32C /* DaumMap.embeddedframework */ = {
			isa = PBXGroup;
			children = (
				8E2DEB1E2A3AE22D00D4A32C /* Resources */,
				8E2DEB432A3AE22D00D4A32C /* DaumMap.framework */,
			);
			path = DaumMap.embeddedframework;
			sourceTree = "<group>";
		};
		8E2DEB1E2A3AE22D00D4A32C /* Resources */ = {
			isa = PBXGroup;
			children = (
				8E2DEB1F2A3AE22D00D4A32C /* map_pinup_custom@3x.png */,
				8E2DEB202A3AE22D00D4A32C /* map_pin_custom.png */,
				8E2DEB212A3AE22D00D4A32C /* shadow_balloon.png */,
				8E2DEB222A3AE22D00D4A32C /* map_pinup.png */,
				8E2DEB232A3AE22D00D4A32C /* detail_button.png */,
				8E2DEB242A3AE22D00D4A32C /* map_pin_custom@3x.png */,
				8E2DEB252A3AE22D00D4A32C /* map_pinup@3x.png */,
				8E2DEB262A3AE22D00D4A32C /* map_pin_shadow@3x.png */,
				8E2DEB272A3AE22D00D4A32C /* copyright.png */,
				8E2DEB282A3AE22D00D4A32C /* th_line.png */,
				8E2DEB292A3AE22D00D4A32C /* map_pin_red@3x.png */,
				8E2DEB2A2A3AE22D00D4A32C /* daum_copyright.png */,
				8E2DEB2B2A3AE22D00D4A32C /* map_pin@3x.png */,
				8E2DEB2C2A3AE22D00D4A32C /* map_present_tracking.png */,
				8E2DEB2D2A3AE22D00D4A32C /* map_pin_red.png */,
				8E2DEB2E2A3AE22D00D4A32C /* Headers */,
				8E2DEB372A3AE22D00D4A32C /* info_box.png */,
				8E2DEB382A3AE22D00D4A32C /* point_sprite.png */,
				8E2DEB392A3AE22D00D4A32C /* map_pinup_custom.png */,
				8E2DEB3A2A3AE22D00D4A32C /* info_box_tail.png */,
				8E2DEB3B2A3AE22D00D4A32C /* noimage256.png */,
				8E2DEB3C2A3AE22D00D4A32C /* map_present_direction.png */,
				8E2DEB3D2A3AE22D00D4A32C /* map_pin.png */,
				8E2DEB3E2A3AE22D00D4A32C /* map_present.png */,
				8E2DEB3F2A3AE22D00D4A32C /* noimage.png */,
				8E2DEB402A3AE22D00D4A32C /* map_present_background_update.png */,
				8E2DEB412A3AE22D00D4A32C /* daum_th_line.png */,
				8E2DEB422A3AE22D00D4A32C /* map_pin_shadow.png */,
			);
			path = Resources;
			sourceTree = "<group>";
		};
		8E2DEB2E2A3AE22D00D4A32C /* Headers */ = {
			isa = PBXGroup;
			children = (
				8E2DEB2F2A3AE22D00D4A32C /* MTMapPOIItem.h */,
				8E2DEB302A3AE22D00D4A32C /* MTMapCameraUpdate.h */,
				8E2DEB312A3AE22D00D4A32C /* MTMapReverseGeoCoder.h */,
				8E2DEB322A3AE22D00D4A32C /* MTMapPolyline.h */,
				8E2DEB332A3AE22D00D4A32C /* MTMapLocationMarkerItem.h */,
				8E2DEB342A3AE22D00D4A32C /* MTMapView.h */,
				8E2DEB352A3AE22D00D4A32C /* MTMapGeometry.h */,
				8E2DEB362A3AE22D00D4A32C /* MTMapCircle.h */,
			);
			path = Headers;
			sourceTree = "<group>";
		};
		8E81648A2A3781510068E49E = {
			isa = PBXGroup;
			children = (
				8E8164952A3781520068E49E /* FindHospital */,
				8E8164942A3781520068E49E /* Products */,
				F5B98DA1531C2C6312B23D1C /* Pods */,
				3CB70D0A5571AAC4E911EE63 /* Frameworks */,
			);
			sourceTree = "<group>";
		};
		8E8164942A3781520068E49E /* Products */ = {
			isa = PBXGroup;
			children = (
				8E8164932A3781520068E49E /* FindHospital.app */,
			);
			name = Products;
			sourceTree = "<group>";
		};
		8E8164952A3781520068E49E /* FindHospital */ = {
			isa = PBXGroup;
			children = (
				8E2DEB6E2A3AE43400D4A32C /* BridgingHeader.h */,
				8E8164962A3781520068E49E /* AppDelegate.swift */,
				8E8164982A3781520068E49E /* SceneDelegate.swift */,
				8E8164AA2A3781A20068E49E /* HPInfoViewController.swift */,
				8E81649F2A3781540068E49E /* Assets.xcassets */,
				8E8164A12A3781540068E49E /* LaunchScreen.storyboard */,
				8E8164A42A3781540068E49E /* Info.plist */,
			);
			path = FindHospital;
			sourceTree = "<group>";
		};
		F5B98DA1531C2C6312B23D1C /* Pods */ = {
			isa = PBXGroup;
			children = (
				432D6A3C7566DBA8DD4BC4ED /* Pods-FindHospital.debug.xcconfig */,
				658DD4699B2358B2CC5FB035 /* Pods-FindHospital.release.xcconfig */,
			);
			path = Pods;
			sourceTree = "<group>";
		};
/* End PBXGroup section */

/* Begin PBXNativeTarget section */
		8E8164922A3781520068E49E /* FindHospital */ = {
			isa = PBXNativeTarget;
			buildConfigurationList = 8E8164A72A3781540068E49E /* Build configuration list for PBXNativeTarget "FindHospital" */;
			buildPhases = (
				D86D0B365673E1D88098DF8D /* [CP] Check Pods Manifest.lock */,
				8E81648F2A3781520068E49E /* Sources */,
				8E8164902A3781520068E49E /* Frameworks */,
				8E8164912A3781520068E49E /* Resources */,
				B253BDA5F6B540A208D00FF0 /* [CP] Embed Pods Frameworks */,
			);
			buildRules = (
			);
			dependencies = (
			);
			name = FindHospital;
			productName = FindHospital;
			productReference = 8E8164932A3781520068E49E /* FindHospital.app */;
			productType = "com.apple.product-type.application";
		};
/* End PBXNativeTarget section */

/* Begin PBXProject section */
		8E81648B2A3781510068E49E /* Project object */ = {
			isa = PBXProject;
			attributes = {
				BuildIndependentTargetsInParallel = 1;
				LastSwiftUpdateCheck = 1420;
				LastUpgradeCheck = 1420;
				TargetAttributes = {
					8E8164922A3781520068E49E = {
						CreatedOnToolsVersion = 14.2;
					};
				};
			};
			buildConfigurationList = 8E81648E2A3781510068E49E /* Build configuration list for PBXProject "FindHospital" */;
			compatibilityVersion = "Xcode 14.0";
			developmentRegion = en;
			hasScannedForEncodings = 0;
			knownRegions = (
				en,
				Base,
			);
			mainGroup = 8E81648A2A3781510068E49E;
			productRefGroup = 8E8164942A3781520068E49E /* Products */;
			projectDirPath = "";
			projectRoot = "";
			targets = (
				8E8164922A3781520068E49E /* FindHospital */,
			);
		};
/* End PBXProject section */

/* Begin PBXResourcesBuildPhase section */
		8E8164912A3781520068E49E /* Resources */ = {
			isa = PBXResourcesBuildPhase;
			buildActionMask = 2147483647;
			files = (
				8E2DEB562A3AE22D00D4A32C /* info_box_tail.png in Resources */,
				8E2DEB4B2A3AE22D00D4A32C /* map_pin_shadow@3x.png in Resources */,
				8E2DEB592A3AE22D00D4A32C /* map_pin.png in Resources */,
				8E2DEB522A3AE22D00D4A32C /* map_pin_red.png in Resources */,
				8E2DEB4A2A3AE22D00D4A32C /* map_pinup@3x.png in Resources */,
				8E2DEB542A3AE22D00D4A32C /* point_sprite.png in Resources */,
				8E2DEB502A3AE22D00D4A32C /* map_pin@3x.png in Resources */,
				8E2DEB572A3AE22D00D4A32C /* noimage256.png in Resources */,
				8E2DEB5A2A3AE22D00D4A32C /* map_present.png in Resources */,
				8E2DEB4F2A3AE22D00D4A32C /* daum_copyright.png in Resources */,
				8E2DEB4C2A3AE22D00D4A32C /* copyright.png in Resources */,
				8E2DEB462A3AE22D00D4A32C /* shadow_balloon.png in Resources */,
				8E2DEB492A3AE22D00D4A32C /* map_pin_custom@3x.png in Resources */,
				8E2DEB4D2A3AE22D00D4A32C /* th_line.png in Resources */,
				8E2DEB552A3AE22D00D4A32C /* map_pinup_custom.png in Resources */,
				8E8164A32A3781540068E49E /* LaunchScreen.storyboard in Resources */,
				8E2DEB5D2A3AE22D00D4A32C /* daum_th_line.png in Resources */,
				8E2DEB442A3AE22D00D4A32C /* map_pinup_custom@3x.png in Resources */,
				8E8164A02A3781540068E49E /* Assets.xcassets in Resources */,
				8E2DEB512A3AE22D00D4A32C /* map_present_tracking.png in Resources */,
				8E2DEB5E2A3AE22D00D4A32C /* map_pin_shadow.png in Resources */,
				8E2DEB582A3AE22D00D4A32C /* map_present_direction.png in Resources */,
				8E2DEB5C2A3AE22D00D4A32C /* map_present_background_update.png in Resources */,
				8E2DEB482A3AE22D00D4A32C /* detail_button.png in Resources */,
				8E2DEB4E2A3AE22D00D4A32C /* map_pin_red@3x.png in Resources */,
				8E2DEB5B2A3AE22D00D4A32C /* noimage.png in Resources */,
				8E2DEB532A3AE22D00D4A32C /* info_box.png in Resources */,
				8E2DEB452A3AE22D00D4A32C /* map_pin_custom.png in Resources */,
				8E2DEB472A3AE22D00D4A32C /* map_pinup.png in Resources */,
			);
			runOnlyForDeploymentPostprocessing = 0;
		};
/* End PBXResourcesBuildPhase section */

/* Begin PBXShellScriptBuildPhase section */
		B253BDA5F6B540A208D00FF0 /* [CP] Embed Pods Frameworks */ = {
			isa = PBXShellScriptBuildPhase;
			buildActionMask = 2147483647;
			files = (
			);
			inputFileListPaths = (
				"${PODS_ROOT}/Target Support Files/Pods-FindHospital/Pods-FindHospital-frameworks-${CONFIGURATION}-input-files.xcfilelist",
			);
			name = "[CP] Embed Pods Frameworks";
			outputFileListPaths = (
				"${PODS_ROOT}/Target Support Files/Pods-FindHospital/Pods-FindHospital-frameworks-${CONFIGURATION}-output-files.xcfilelist",
			);
			runOnlyForDeploymentPostprocessing = 0;
			shellPath = /bin/sh;
			shellScript = "\"${PODS_ROOT}/Target Support Files/Pods-FindHospital/Pods-FindHospital-frameworks.sh\"\n";
			showEnvVarsInLog = 0;
		};
		D86D0B365673E1D88098DF8D /* [CP] Check Pods Manifest.lock */ = {
			isa = PBXShellScriptBuildPhase;
			buildActionMask = 2147483647;
			files = (
			);
			inputFileListPaths = (
			);
			inputPaths = (
				"${PODS_PODFILE_DIR_PATH}/Podfile.lock",
				"${PODS_ROOT}/Manifest.lock",
			);
			name = "[CP] Check Pods Manifest.lock";
			outputFileListPaths = (
			);
			outputPaths = (
				"$(DERIVED_FILE_DIR)/Pods-FindHospital-checkManifestLockResult.txt",
			);
			runOnlyForDeploymentPostprocessing = 0;
			shellPath = /bin/sh;
			shellScript = "diff \"${PODS_PODFILE_DIR_PATH}/Podfile.lock\" \"${PODS_ROOT}/Manifest.lock\" > /dev/null\nif [ $? != 0 ] ; then\n    # print error to STDERR\n    echo \"error: The sandbox is not in sync with the Podfile.lock. Run 'pod install' or update your CocoaPods installation.\" >&2\n    exit 1\nfi\n# This output is used by Xcode 'outputs' to avoid re-running this script phase.\necho \"SUCCESS\" > \"${SCRIPT_OUTPUT_FILE_0}\"\n";
			showEnvVarsInLog = 0;
		};
/* End PBXShellScriptBuildPhase section */

/* Begin PBXSourcesBuildPhase section */
		8E81648F2A3781520068E49E /* Sources */ = {
			isa = PBXSourcesBuildPhase;
			buildActionMask = 2147483647;
			files = (
				8E8164972A3781520068E49E /* AppDelegate.swift in Sources */,
				8E8164992A3781520068E49E /* SceneDelegate.swift in Sources */,
				8E8164AB2A3781A20068E49E /* HPInfoViewController.swift in Sources */,
			);
			runOnlyForDeploymentPostprocessing = 0;
		};
/* End PBXSourcesBuildPhase section */

/* Begin PBXVariantGroup section */
		8E8164A12A3781540068E49E /* LaunchScreen.storyboard */ = {
			isa = PBXVariantGroup;
			children = (
				8E8164A22A3781540068E49E /* Base */,
			);
			name = LaunchScreen.storyboard;
			sourceTree = "<group>";
		};
/* End PBXVariantGroup section */

/* Begin XCBuildConfiguration section */
		8E8164A52A3781540068E49E /* Debug */ = {
			isa = XCBuildConfiguration;
			buildSettings = {
				ALWAYS_SEARCH_USER_PATHS = NO;
				CLANG_ANALYZER_NONNULL = YES;
				CLANG_ANALYZER_NUMBER_OBJECT_CONVERSION = YES_AGGRESSIVE;
				CLANG_CXX_LANGUAGE_STANDARD = "gnu++20";
				CLANG_ENABLE_MODULES = YES;
				CLANG_ENABLE_OBJC_ARC = NO;
				CLANG_ENABLE_OBJC_WEAK = YES;
				CLANG_WARN_BLOCK_CAPTURE_AUTORELEASING = YES;
				CLANG_WARN_BOOL_CONVERSION = YES;
				CLANG_WARN_COMMA = YES;
				CLANG_WARN_CONSTANT_CONVERSION = YES;
				CLANG_WARN_DEPRECATED_OBJC_IMPLEMENTATIONS = YES;
				CLANG_WARN_DIRECT_OBJC_ISA_USAGE = YES_ERROR;
				CLANG_WARN_DOCUMENTATION_COMMENTS = YES;
				CLANG_WARN_EMPTY_BODY = YES;
				CLANG_WARN_ENUM_CONVERSION = YES;
				CLANG_WARN_INFINITE_RECURSION = YES;
				CLANG_WARN_INT_CONVERSION = YES;
				CLANG_WARN_NON_LITERAL_NULL_CONVERSION = YES;
				CLANG_WARN_OBJC_IMPLICIT_RETAIN_SELF = YES;
				CLANG_WARN_OBJC_LITERAL_CONVERSION = YES;
				CLANG_WARN_OBJC_ROOT_CLASS = YES_ERROR;
				CLANG_WARN_QUOTED_INCLUDE_IN_FRAMEWORK_HEADER = YES;
				CLANG_WARN_RANGE_LOOP_ANALYSIS = YES;
				CLANG_WARN_STRICT_PROTOTYPES = YES;
				CLANG_WARN_SUSPICIOUS_MOVE = YES;
				CLANG_WARN_UNGUARDED_AVAILABILITY = YES_AGGRESSIVE;
				CLANG_WARN_UNREACHABLE_CODE = YES;
				CLANG_WARN__DUPLICATE_METHOD_MATCH = YES;
				COPY_PHASE_STRIP = NO;
				DEBUG_INFORMATION_FORMAT = dwarf;
				ENABLE_STRICT_OBJC_MSGSEND = YES;
				ENABLE_TESTABILITY = YES;
				GCC_C_LANGUAGE_STANDARD = gnu11;
				GCC_DYNAMIC_NO_PIC = NO;
				GCC_NO_COMMON_BLOCKS = YES;
				GCC_OPTIMIZATION_LEVEL = 0;
				GCC_PREPROCESSOR_DEFINITIONS = (
					"DEBUG=1",
					"$(inherited)",
				);
				GCC_WARN_64_TO_32_BIT_CONVERSION = YES;
				GCC_WARN_ABOUT_RETURN_TYPE = YES_ERROR;
				GCC_WARN_UNDECLARED_SELECTOR = YES;
				GCC_WARN_UNINITIALIZED_AUTOS = YES_AGGRESSIVE;
				GCC_WARN_UNUSED_FUNCTION = YES;
				GCC_WARN_UNUSED_VARIABLE = YES;
				IPHONEOS_DEPLOYMENT_TARGET = 16.2;
				MTL_ENABLE_DEBUG_INFO = INCLUDE_SOURCE;
				MTL_FAST_MATH = YES;
				ONLY_ACTIVE_ARCH = YES;
				SDKROOT = iphoneos;
				SWIFT_ACTIVE_COMPILATION_CONDITIONS = DEBUG;
				SWIFT_OPTIMIZATION_LEVEL = "-Onone";
			};
			name = Debug;
		};
		8E8164A62A3781540068E49E /* Release */ = {
			isa = XCBuildConfiguration;
			buildSettings = {
				ALWAYS_SEARCH_USER_PATHS = NO;
				CLANG_ANALYZER_NONNULL = YES;
				CLANG_ANALYZER_NUMBER_OBJECT_CONVERSION = YES_AGGRESSIVE;
				CLANG_CXX_LANGUAGE_STANDARD = "gnu++20";
				CLANG_ENABLE_MODULES = YES;
				CLANG_ENABLE_OBJC_ARC = NO;
				CLANG_ENABLE_OBJC_WEAK = YES;
				CLANG_WARN_BLOCK_CAPTURE_AUTORELEASING = YES;
				CLANG_WARN_BOOL_CONVERSION = YES;
				CLANG_WARN_COMMA = YES;
				CLANG_WARN_CONSTANT_CONVERSION = YES;
				CLANG_WARN_DEPRECATED_OBJC_IMPLEMENTATIONS = YES;
				CLANG_WARN_DIRECT_OBJC_ISA_USAGE = YES_ERROR;
				CLANG_WARN_DOCUMENTATION_COMMENTS = YES;
				CLANG_WARN_EMPTY_BODY = YES;
				CLANG_WARN_ENUM_CONVERSION = YES;
				CLANG_WARN_INFINITE_RECURSION = YES;
				CLANG_WARN_INT_CONVERSION = YES;
				CLANG_WARN_NON_LITERAL_NULL_CONVERSION = YES;
				CLANG_WARN_OBJC_IMPLICIT_RETAIN_SELF = YES;
				CLANG_WARN_OBJC_LITERAL_CONVERSION = YES;
				CLANG_WARN_OBJC_ROOT_CLASS = YES_ERROR;
				CLANG_WARN_QUOTED_INCLUDE_IN_FRAMEWORK_HEADER = YES;
				CLANG_WARN_RANGE_LOOP_ANALYSIS = YES;
				CLANG_WARN_STRICT_PROTOTYPES = YES;
				CLANG_WARN_SUSPICIOUS_MOVE = YES;
				CLANG_WARN_UNGUARDED_AVAILABILITY = YES_AGGRESSIVE;
				CLANG_WARN_UNREACHABLE_CODE = YES;
				CLANG_WARN__DUPLICATE_METHOD_MATCH = YES;
				COPY_PHASE_STRIP = NO;
				DEBUG_INFORMATION_FORMAT = "dwarf-with-dsym";
				ENABLE_NS_ASSERTIONS = NO;
				ENABLE_STRICT_OBJC_MSGSEND = YES;
				GCC_C_LANGUAGE_STANDARD = gnu11;
				GCC_NO_COMMON_BLOCKS = YES;
				GCC_WARN_64_TO_32_BIT_CONVERSION = YES;
				GCC_WARN_ABOUT_RETURN_TYPE = YES_ERROR;
				GCC_WARN_UNDECLARED_SELECTOR = YES;
				GCC_WARN_UNINITIALIZED_AUTOS = YES_AGGRESSIVE;
				GCC_WARN_UNUSED_FUNCTION = YES;
				GCC_WARN_UNUSED_VARIABLE = YES;
				IPHONEOS_DEPLOYMENT_TARGET = 16.2;
				MTL_ENABLE_DEBUG_INFO = NO;
				MTL_FAST_MATH = YES;
				SDKROOT = iphoneos;
				SWIFT_COMPILATION_MODE = wholemodule;
				SWIFT_OPTIMIZATION_LEVEL = "-O";
				VALIDATE_PRODUCT = YES;
			};
			name = Release;
		};
		8E8164A82A3781540068E49E /* Debug */ = {
			isa = XCBuildConfiguration;
			baseConfigurationReference = 432D6A3C7566DBA8DD4BC4ED /* Pods-FindHospital.debug.xcconfig */;
			buildSettings = {
				ASSETCATALOG_COMPILER_APPICON_NAME = AppIcon;
				ASSETCATALOG_COMPILER_GLOBAL_ACCENT_COLOR_NAME = AccentColor;
				CODE_SIGN_STYLE = Automatic;
				CURRENT_PROJECT_VERSION = 1;
				DEVELOPMENT_TEAM = A8PCCQAZN2;
				FRAMEWORK_SEARCH_PATHS = (
					"$(inherited)",
					"$(PROJECT_DIR)/DaumMap.embeddedframework",
				);
				GENERATE_INFOPLIST_FILE = YES;
				INFOPLIST_FILE = FindHospital/Info.plist;
				INFOPLIST_KEY_UIApplicationSupportsIndirectInputEvents = YES;
				INFOPLIST_KEY_UILaunchStoryboardName = LaunchScreen;
				INFOPLIST_KEY_UISupportedInterfaceOrientations_iPad = "UIInterfaceOrientationPortrait UIInterfaceOrientationPortraitUpsideDown UIInterfaceOrientationLandscapeLeft UIInterfaceOrientationLandscapeRight";
				INFOPLIST_KEY_UISupportedInterfaceOrientations_iPhone = "UIInterfaceOrientationPortrait UIInterfaceOrientationLandscapeLeft UIInterfaceOrientationLandscapeRight";
				LD_RUNPATH_SEARCH_PATHS = (
					"$(inherited)",
					"@executable_path/Frameworks",
				);
				MARKETING_VERSION = 1.0;
				PRODUCT_BUNDLE_IDENTIFIER = com.zoa0945.FindHospital;
				PRODUCT_NAME = "$(TARGET_NAME)";
				SWIFT_EMIT_LOC_STRINGS = YES;
				SWIFT_VERSION = 5.0;
				TARGETED_DEVICE_FAMILY = "1,2";
			};
			name = Debug;
		};
		8E8164A92A3781540068E49E /* Release */ = {
			isa = XCBuildConfiguration;
			baseConfigurationReference = 658DD4699B2358B2CC5FB035 /* Pods-FindHospital.release.xcconfig */;
			buildSettings = {
				ASSETCATALOG_COMPILER_APPICON_NAME = AppIcon;
				ASSETCATALOG_COMPILER_GLOBAL_ACCENT_COLOR_NAME = AccentColor;
				CODE_SIGN_STYLE = Automatic;
				CURRENT_PROJECT_VERSION = 1;
				DEVELOPMENT_TEAM = A8PCCQAZN2;
				FRAMEWORK_SEARCH_PATHS = (
					"$(inherited)",
					"$(PROJECT_DIR)/DaumMap.embeddedframework",
				);
				GENERATE_INFOPLIST_FILE = YES;
				INFOPLIST_FILE = FindHospital/Info.plist;
				INFOPLIST_KEY_UIApplicationSupportsIndirectInputEvents = YES;
				INFOPLIST_KEY_UILaunchStoryboardName = LaunchScreen;
				INFOPLIST_KEY_UISupportedInterfaceOrientations_iPad = "UIInterfaceOrientationPortrait UIInterfaceOrientationPortraitUpsideDown UIInterfaceOrientationLandscapeLeft UIInterfaceOrientationLandscapeRight";
				INFOPLIST_KEY_UISupportedInterfaceOrientations_iPhone = "UIInterfaceOrientationPortrait UIInterfaceOrientationLandscapeLeft UIInterfaceOrientationLandscapeRight";
				LD_RUNPATH_SEARCH_PATHS = (
					"$(inherited)",
					"@executable_path/Frameworks",
				);
				MARKETING_VERSION = 1.0;
				PRODUCT_BUNDLE_IDENTIFIER = com.zoa0945.FindHospital;
				PRODUCT_NAME = "$(TARGET_NAME)";
				SWIFT_EMIT_LOC_STRINGS = YES;
				SWIFT_VERSION = 5.0;
				TARGETED_DEVICE_FAMILY = "1,2";
			};
			name = Release;
		};
/* End XCBuildConfiguration section */

/* Begin XCConfigurationList section */
		8E81648E2A3781510068E49E /* Build configuration list for PBXProject "FindHospital" */ = {
			isa = XCConfigurationList;
			buildConfigurations = (
				8E8164A52A3781540068E49E /* Debug */,
				8E8164A62A3781540068E49E /* Release */,
			);
			defaultConfigurationIsVisible = 0;
			defaultConfigurationName = Release;
		};
		8E8164A72A3781540068E49E /* Build configuration list for PBXNativeTarget "FindHospital" */ = {
			isa = XCConfigurationList;
			buildConfigurations = (
				8E8164A82A3781540068E49E /* Debug */,
				8E8164A92A3781540068E49E /* Release */,
			);
			defaultConfigurationIsVisible = 0;
			defaultConfigurationName = Release;
		};
/* End XCConfigurationList section */
	};
	rootObject = 8E81648B2A3781510068E49E /* Project object */;
}
